
Microsoft Visual Studio Solution File, Format Version 12.00
# Visual Studio Version 17
VisualStudioVersion = 17.9.34723.18
MinimumVisualStudioVersion = 10.0.40219.1
Project("{FAE04EC0-301F-11D3-BF4B-00C04F79EFBC}") = "gestao", "gestao\gestao.csproj", "{C3553AC6-A0B1-4817-AD05-DF598C0F5DDD}"
EndProject
Global
	GlobalSection(SolutionConfigurationPlatforms) = preSolution
		Debug|Any CPU = Debug|Any CPU
		Release|Any CPU = Release|Any CPU
	EndGlobalSection
	GlobalSection(ProjectConfigurationPlatforms) = postSolution
		{C3553AC6-A0B1-4817-AD05-DF598C0F5DDD}.Debug|Any CPU.ActiveCfg = Debug|Any CPU
		{C3553AC6-A0B1-4817-AD05-DF598C0F5DDD}.Debug|Any CPU.Build.0 = Debug|Any CPU
		{C3553AC6-A0B1-4817-AD05-DF598C0F5DDD}.Release|Any CPU.ActiveCfg = Release|Any CPU
		{C3553AC6-A0B1-4817-AD05-DF598C0F5DDD}.Release|Any CPU.Build.0 = Release|Any CPU
	EndGlobalSection
	GlobalSection(SolutionProperties) = preSolution
		HideSolutionNode = FALSE
	EndGlobalSection
	GlobalSection(ExtensibilityGlobals) = postSolution
		SolutionGuid = {DCF6DCA2-8EF8-49CF-B8C4-151593B0A762}
	EndGlobalSection
EndGlobal
