
Microsoft Visual Studio Solution File, Format Version 12.00
# Visual Studio Version 17
VisualStudioVersion = 17.9.34723.18
MinimumVisualStudioVersion = 10.0.40219.1
Project("{FAE04EC0-301F-11D3-BF4B-00C04F79EFBC}") = "aulamp", "aulamp\aulamp.csproj", "{F8A27D06-7FD6-4714-950B-0F5141319CDB}"
EndProject
Global
	GlobalSection(SolutionConfigurationPlatforms) = preSolution
		Debug|Any CPU = Debug|Any CPU
		Release|Any CPU = Release|Any CPU
	EndGlobalSection
	GlobalSection(ProjectConfigurationPlatforms) = postSolution
		{F8A27D06-7FD6-4714-950B-0F5141319CDB}.Debug|Any CPU.ActiveCfg = Debug|Any CPU
		{F8A27D06-7FD6-4714-950B-0F5141319CDB}.Debug|Any CPU.Build.0 = Debug|Any CPU
		{F8A27D06-7FD6-4714-950B-0F5141319CDB}.Release|Any CPU.ActiveCfg = Release|Any CPU
		{F8A27D06-7FD6-4714-950B-0F5141319CDB}.Release|Any CPU.Build.0 = Release|Any CPU
	EndGlobalSection
	GlobalSection(SolutionProperties) = preSolution
		HideSolutionNode = FALSE
	EndGlobalSection
	GlobalSection(ExtensibilityGlobals) = postSolution
		SolutionGuid = {0B73BA21-2BED-48BC-AC90-854E2437DE5A}
	EndGlobalSection
EndGlobal
